PODS:
  - SwiftyTextEncoding (0.1.0)

DEPENDENCIES:
  - SwiftyTextEncoding (from `../`)

EXTERNAL SOURCES:
  SwiftyTextEncoding:
    :path: "../"

SPEC CHECKSUMS:
  SwiftyTextEncoding: c3e17d11b11af9d5b1650afba2cce60e3e5c517f

PODFILE CHECKSUM: 7fe2fd1c2849b2bc66cd187f80a90b6b76d7c428

COCOAPODS: 1.9.3
